
Microsoft Visual Studio Solution File, Format Version 12.00
# Visual Studio Version 17
VisualStudioVersion = 17.4.33110.190
MinimumVisualStudioVersion = 10.0.40219.1
Project("{FAE04EC0-301F-11D3-BF4B-00C04F79EFBC}") = "ChatServer", "ChatServer\ChatServer.csproj", "{7A85350B-2A5C-4F2C-9569-C51A6CDFB773}"
EndProject
Global
	GlobalSection(SolutionConfigurationPlatforms) = preSolution
		Debug|Any CPU = Debug|Any CPU
		Release|Any CPU = Release|Any CPU
	EndGlobalSection
	GlobalSection(ProjectConfigurationPlatforms) = postSolution
		{7A85350B-2A5C-4F2C-9569-C51A6CDFB773}.Debug|Any CPU.ActiveCfg = Debug|Any CPU
		{7A85350B-2A5C-4F2C-9569-C51A6CDFB773}.Debug|Any CPU.Build.0 = Debug|Any CPU
		{7A85350B-2A5C-4F2C-9569-C51A6CDFB773}.Release|Any CPU.ActiveCfg = Release|Any CPU
		{7A85350B-2A5C-4F2C-9569-C51A6CDFB773}.Release|Any CPU.Build.0 = Release|Any CPU
	EndGlobalSection
	GlobalSection(SolutionProperties) = preSolution
		HideSolutionNode = FALSE
	EndGlobalSection
	GlobalSection(ExtensibilityGlobals) = postSolution
		SolutionGuid = {830DB5BA-4601-409C-88C2-74B32142E8B6}
	EndGlobalSection
EndGlobal
